// !$*UTF8*$!
{
	archiveVersion = 1;
	classes = {
	};
	objectVersion = 46;
	objects = {

/* Begin PBXBuildFile section */
		2890C77EC9D83286617B7D6F /* Pods_Sqlit.framework in Frameworks */ = {isa = PBXBuildFile; fileRef = 4783BA293E5AC2CE781454B8 /* Pods_Sqlit.framework */; };
		F7197B5D1AB91D370038A8AD /* main.m in Sources */ = {isa = PBXBuildFile; fileRef = F7197B5C1AB91D370038A8AD /* main.m */; };
		F7197B601AB91D370038A8AD /* AppDelegate.m in Sources */ = {isa = PBXBuildFile; fileRef = F7197B5F1AB91D370038A8AD /* AppDelegate.m */; };
		F7197B621AB91D370038A8AD /* Images.xcassets in Resources */ = {isa = PBXBuildFile; fileRef = F7197B611AB91D370038A8AD /* Images.xcassets */; };
		F7197B651AB91D370038A8AD /* LaunchScreen.xib in Resources */ = {isa = PBXBuildFile; fileRef = F7197B631AB91D370038A8AD /* LaunchScreen.xib */; };
		F7197BBE1AB921180038A8AD /* libsqlite3.dylib in Frameworks */ = {isa = PBXBuildFile; fileRef = F7197BBD1AB921180038A8AD /* libsqlite3.dylib */; };
		F7A836BA1B3D20A9008E2832 /* UserInfoDao.m in Sources */ = {isa = PBXBuildFile; fileRef = F7A836B01B3D20A9008E2832 /* UserInfoDao.m */; };
		F7A836BB1B3D20A9008E2832 /* UserInfoDataBase.m in Sources */ = {isa = PBXBuildFile; fileRef = F7A836B31B3D20A9008E2832 /* UserInfoDataBase.m */; };
		F7A836BC1B3D20A9008E2832 /* SnailUserInfoManager.m in Sources */ = {isa = PBXBuildFile; fileRef = F7A836B61B3D20A9008E2832 /* SnailUserInfoManager.m */; };
		F7A836BD1B3D20A9008E2832 /* LocalUserInfoModel.m in Sources */ = {isa = PBXBuildFile; fileRef = F7A836B91B3D20A9008E2832 /* LocalUserInfoModel.m */; };
/* End PBXBuildFile section */

/* Begin PBXFileReference section */
		3974E68049B5492967F2306C /* Pods-Sqlit.debug.xcconfig */ = {isa = PBXFileReference; includeInIndex = 1; lastKnownFileType = text.xcconfig; name = "Pods-Sqlit.debug.xcconfig"; path = "Pods/Target Support Files/Pods-Sqlit/Pods-Sqlit.debug.xcconfig"; sourceTree = "<group>"; };
		4783BA293E5AC2CE781454B8 /* Pods_Sqlit.framework */ = {isa = PBXFileReference; explicitFileType = wrapper.framework; includeInIndex = 0; path = Pods_Sqlit.framework; sourceTree = BUILT_PRODUCTS_DIR; };
		F384054CC3944DB5AC9DE774 /* Pods-Sqlit.release.xcconfig */ = {isa = PBXFileReference; includeInIndex = 1; lastKnownFileType = text.xcconfig; name = "Pods-Sqlit.release.xcconfig"; path = "Pods/Target Support Files/Pods-Sqlit/Pods-Sqlit.release.xcconfig"; sourceTree = "<group>"; };
		F7197B571AB91D360038A8AD /* Sqlit.app */ = {isa = PBXFileReference; explicitFileType = wrapper.application; includeInIndex = 0; path = Sqlit.app; sourceTree = BUILT_PRODUCTS_DIR; };
		F7197B5B1AB91D370038A8AD /* Info.plist */ = {isa = PBXFileReference; lastKnownFileType = text.plist.xml; path = Info.plist; sourceTree = "<group>"; };
		F7197B5C1AB91D370038A8AD /* main.m */ = {isa = PBXFileReference; lastKnownFileType = sourcecode.c.objc; path = main.m; sourceTree = "<group>"; };
		F7197B5E1AB91D370038A8AD /* AppDelegate.h */ = {isa = PBXFileReference; lastKnownFileType = sourcecode.c.h; path = AppDelegate.h; sourceTree = "<group>"; };
		F7197B5F1AB91D370038A8AD /* AppDelegate.m */ = {isa = PBXFileReference; lastKnownFileType = sourcecode.c.objc; path = AppDelegate.m; sourceTree = "<group>"; };
		F7197B611AB91D370038A8AD /* Images.xcassets */ = {isa = PBXFileReference; lastKnownFileType = folder.assetcatalog; path = Images.xcassets; sourceTree = "<group>"; };
		F7197B641AB91D370038A8AD /* Base */ = {isa = PBXFileReference; lastKnownFileType = file.xib; name = Base; path = Base.lproj/LaunchScreen.xib; sourceTree = "<group>"; };
		F7197BBD1AB921180038A8AD /* libsqlite3.dylib */ = {isa = PBXFileReference; lastKnownFileType = "compiled.mach-o.dylib"; name = libsqlite3.dylib; path = usr/lib/libsqlite3.dylib; sourceTree = SDKROOT; };
		F7220FC91B1FD28D00EB9AD4 /* Define.h */ = {isa = PBXFileReference; lastKnownFileType = sourcecode.c.h; path = Define.h; sourceTree = "<group>"; };
		F7220FD11B1FD41300EB9AD4 /* Info.plist */ = {isa = PBXFileReference; lastKnownFileType = text.plist.xml; path = Info.plist; sourceTree = "<group>"; };
		F7220FD21B1FD41300EB9AD4 /* SqlitTests.m */ = {isa = PBXFileReference; lastKnownFileType = sourcecode.c.objc; path = SqlitTests.m; sourceTree = "<group>"; };
		F7220FD91B1FD53400EB9AD4 /* libPods.a */ = {isa = PBXFileReference; lastKnownFileType = archive.ar; name = libPods.a; path = "Pods/../build/Debug-iphoneos/libPods.a"; sourceTree = "<group>"; };
		F78DE5D1219138F100AF835C /* WGFMDB.podspec */ = {isa = PBXFileReference; lastKnownFileType = text; name = WGFMDB.podspec; path = ../WGFMDB.podspec; sourceTree = "<group>"; };
		F78DE5EF21918B8000AF835C /* WGFMDB */ = {isa = PBXFileReference; lastKnownFileType = folder; name = WGFMDB; path = ../WGFMDB; sourceTree = "<group>"; };
		F7A836AF1B3D20A9008E2832 /* UserInfoDao.h */ = {isa = PBXFileReference; fileEncoding = 4; lastKnownFileType = sourcecode.c.h; path = UserInfoDao.h; sourceTree = "<group>"; };
		F7A836B01B3D20A9008E2832 /* UserInfoDao.m */ = {isa = PBXFileReference; fileEncoding = 4; lastKnownFileType = sourcecode.c.objc; path = UserInfoDao.m; sourceTree = "<group>"; };
		F7A836B21B3D20A9008E2832 /* UserInfoDataBase.h */ = {isa = PBXFileReference; fileEncoding = 4; lastKnownFileType = sourcecode.c.h; path = UserInfoDataBase.h; sourceTree = "<group>"; };
		F7A836B31B3D20A9008E2832 /* UserInfoDataBase.m */ = {isa = PBXFileReference; fileEncoding = 4; lastKnownFileType = sourcecode.c.objc; path = UserInfoDataBase.m; sourceTree = "<group>"; };
		F7A836B51B3D20A9008E2832 /* SnailUserInfoManager.h */ = {isa = PBXFileReference; fileEncoding = 4; lastKnownFileType = sourcecode.c.h; path = SnailUserInfoManager.h; sourceTree = "<group>"; };
		F7A836B61B3D20A9008E2832 /* SnailUserInfoManager.m */ = {isa = PBXFileReference; fileEncoding = 4; lastKnownFileType = sourcecode.c.objc; path = SnailUserInfoManager.m; sourceTree = "<group>"; };
		F7A836B81B3D20A9008E2832 /* LocalUserInfoModel.h */ = {isa = PBXFileReference; fileEncoding = 4; lastKnownFileType = sourcecode.c.h; path = LocalUserInfoModel.h; sourceTree = "<group>"; };
		F7A836B91B3D20A9008E2832 /* LocalUserInfoModel.m */ = {isa = PBXFileReference; fileEncoding = 4; lastKnownFileType = sourcecode.c.objc; path = LocalUserInfoModel.m; sourceTree = "<group>"; };
/* End PBXFileReference section */

/* Begin PBXFrameworksBuildPhase section */
		F7197B541AB91D360038A8AD /* Frameworks */ = {
			isa = PBXFrameworksBuildPhase;
			buildActionMask = 2147483647;
			files = (
				F7197BBE1AB921180038A8AD /* libsqlite3.dylib in Frameworks */,
				2890C77EC9D83286617B7D6F /* Pods_Sqlit.framework in Frameworks */,
			);
			runOnlyForDeploymentPostprocessing = 0;
		};
/* End PBXFrameworksBuildPhase section */

/* Begin PBXGroup section */
		183E1250F2EE63916CEF1E19 /* Frameworks */ = {
			isa = PBXGroup;
			children = (
				F7220FD91B1FD53400EB9AD4 /* libPods.a */,
				4783BA293E5AC2CE781454B8 /* Pods_Sqlit.framework */,
			);
			name = Frameworks;
			sourceTree = "<group>";
		};
		D651C573641357BDFE9FB1BD /* Pods */ = {
			isa = PBXGroup;
			children = (
				3974E68049B5492967F2306C /* Pods-Sqlit.debug.xcconfig */,
				F384054CC3944DB5AC9DE774 /* Pods-Sqlit.release.xcconfig */,
			);
			name = Pods;
			sourceTree = "<group>";
		};
		F7197B4E1AB91D360038A8AD = {
			isa = PBXGroup;
			children = (
				F78DE5EF21918B8000AF835C /* WGFMDB */,
				F7197BBD1AB921180038A8AD /* libsqlite3.dylib */,
				F78DE5D1219138F100AF835C /* WGFMDB.podspec */,
				F7197B591AB91D370038A8AD /* Sqlit */,
				F7220FCF1B1FD41300EB9AD4 /* SqlitTests */,
				F7197B581AB91D370038A8AD /* Products */,
				183E1250F2EE63916CEF1E19 /* Frameworks */,
				D651C573641357BDFE9FB1BD /* Pods */,
			);
			sourceTree = "<group>";
		};
		F7197B581AB91D370038A8AD /* Products */ = {
			isa = PBXGroup;
			children = (
				F7197B571AB91D360038A8AD /* Sqlit.app */,
			);
			name = Products;
			sourceTree = "<group>";
		};
		F7197B591AB91D370038A8AD /* Sqlit */ = {
			isa = PBXGroup;
			children = (
				F7220F8E1B1FD19700EB9AD4 /* SnailSqite */,
				F7197B5E1AB91D370038A8AD /* AppDelegate.h */,
				F7197B5F1AB91D370038A8AD /* AppDelegate.m */,
				F75C729D1AB9556100067399 /* DataModels */,
				F7197B611AB91D370038A8AD /* Images.xcassets */,
				F7197B631AB91D370038A8AD /* LaunchScreen.xib */,
				F7197B5A1AB91D370038A8AD /* Supporting Files */,
			);
			path = Sqlit;
			sourceTree = "<group>";
		};
		F7197B5A1AB91D370038A8AD /* Supporting Files */ = {
			isa = PBXGroup;
			children = (
				F7197B5B1AB91D370038A8AD /* Info.plist */,
				F7197B5C1AB91D370038A8AD /* main.m */,
			);
			name = "Supporting Files";
			sourceTree = "<group>";
		};
		F7220F8E1B1FD19700EB9AD4 /* SnailSqite */ = {
			isa = PBXGroup;
			children = (
				F7220FC91B1FD28D00EB9AD4 /* Define.h */,
				F7A836AD1B3D20A9008E2832 /* Dao */,
				F7A836B11B3D20A9008E2832 /* Database */,
				F7A836B41B3D20A9008E2832 /* Manager */,
				F7A836B71B3D20A9008E2832 /* Model */,
			);
			path = SnailSqite;
			sourceTree = "<group>";
		};
		F7220FCF1B1FD41300EB9AD4 /* SqlitTests */ = {
			isa = PBXGroup;
			children = (
				F7220FD21B1FD41300EB9AD4 /* SqlitTests.m */,
				F7220FD01B1FD41300EB9AD4 /* Supporting Files */,
			);
			path = SqlitTests;
			sourceTree = "<group>";
		};
		F7220FD01B1FD41300EB9AD4 /* Supporting Files */ = {
			isa = PBXGroup;
			children = (
				F7220FD11B1FD41300EB9AD4 /* Info.plist */,
			);
			name = "Supporting Files";
			sourceTree = "<group>";
		};
		F75C729D1AB9556100067399 /* DataModels */ = {
			isa = PBXGroup;
			children = (
			);
			name = DataModels;
			sourceTree = "<group>";
		};
		F7A836AD1B3D20A9008E2832 /* Dao */ = {
			isa = PBXGroup;
			children = (
				F7A836AE1B3D20A9008E2832 /* Model To DB */,
				F7A836AF1B3D20A9008E2832 /* UserInfoDao.h */,
				F7A836B01B3D20A9008E2832 /* UserInfoDao.m */,
			);
			path = Dao;
			sourceTree = "<group>";
		};
		F7A836AE1B3D20A9008E2832 /* Model To DB */ = {
			isa = PBXGroup;
			children = (
			);
			path = "Model To DB";
			sourceTree = "<group>";
		};
		F7A836B11B3D20A9008E2832 /* Database */ = {
			isa = PBXGroup;
			children = (
				F7A836B21B3D20A9008E2832 /* UserInfoDataBase.h */,
				F7A836B31B3D20A9008E2832 /* UserInfoDataBase.m */,
			);
			path = Database;
			sourceTree = "<group>";
		};
		F7A836B41B3D20A9008E2832 /* Manager */ = {
			isa = PBXGroup;
			children = (
				F7A836B51B3D20A9008E2832 /* SnailUserInfoManager.h */,
				F7A836B61B3D20A9008E2832 /* SnailUserInfoManager.m */,
			);
			path = Manager;
			sourceTree = "<group>";
		};
		F7A836B71B3D20A9008E2832 /* Model */ = {
			isa = PBXGroup;
			children = (
				F7A836B81B3D20A9008E2832 /* LocalUserInfoModel.h */,
				F7A836B91B3D20A9008E2832 /* LocalUserInfoModel.m */,
			);
			path = Model;
			sourceTree = "<group>";
		};
/* End PBXGroup section */

/* Begin PBXNativeTarget section */
		F7197B561AB91D360038A8AD /* Sqlit */ = {
			isa = PBXNativeTarget;
			buildConfigurationList = F7197B741AB91D370038A8AD /* Build configuration list for PBXNativeTarget "Sqlit" */;
			buildPhases = (
				1863FA53971F0814819F3074 /* [CP] Check Pods Manifest.lock */,
				F7197B531AB91D360038A8AD /* Sources */,
				F7197B541AB91D360038A8AD /* Frameworks */,
				F7197B551AB91D360038A8AD /* Resources */,
				6E64A220DA54CBA298C5C92C /* [CP] Embed Pods Frameworks */,
				9C47699788619CCB6CFAE9A5 /* [CP] Copy Pods Resources */,
			);
			buildRules = (
			);
			dependencies = (
			);
			name = Sqlit;
			productName = Sqlit;
			productReference = F7197B571AB91D360038A8AD /* Sqlit.app */;
			productType = "com.apple.product-type.application";
		};
/* End PBXNativeTarget section */

/* Begin PBXProject section */
		F7197B4F1AB91D360038A8AD /* Project object */ = {
			isa = PBXProject;
			attributes = {
				LastUpgradeCheck = 0620;
				ORGANIZATIONNAME = RayMi;
				TargetAttributes = {
					F7197B561AB91D360038A8AD = {
						CreatedOnToolsVersion = 6.2;
					};
				};
			};
			buildConfigurationList = F7197B521AB91D360038A8AD /* Build configuration list for PBXProject "Sqlit" */;
			compatibilityVersion = "Xcode 3.2";
			developmentRegion = English;
			hasScannedForEncodings = 0;
			knownRegions = (
				en,
				Base,
			);
			mainGroup = F7197B4E1AB91D360038A8AD;
			productRefGroup = F7197B581AB91D370038A8AD /* Products */;
			projectDirPath = "";
			projectRoot = "";
			targets = (
				F7197B561AB91D360038A8AD /* Sqlit */,
			);
		};
/* End PBXProject section */

/* Begin PBXResourcesBuildPhase section */
		F7197B551AB91D360038A8AD /* Resources */ = {
			isa = PBXResourcesBuildPhase;
			buildActionMask = 2147483647;
			files = (
				F7197B651AB91D370038A8AD /* LaunchScreen.xib in Resources */,
				F7197B621AB91D370038A8AD /* Images.xcassets in Resources */,
			);
			runOnlyForDeploymentPostprocessing = 0;
		};
/* End PBXResourcesBuildPhase section */

/* Begin PBXShellScriptBuildPhase section */
		1863FA53971F0814819F3074 /* [CP] Check Pods Manifest.lock */ = {
			isa = PBXShellScriptBuildPhase;
			buildActionMask = 2147483647;
			files = (
			);
			inputPaths = (
				"${PODS_PODFILE_DIR_PATH}/Podfile.lock",
				"${PODS_ROOT}/Manifest.lock",
			);
			name = "[CP] Check Pods Manifest.lock";
			outputPaths = (
				"$(DERIVED_FILE_DIR)/Pods-Sqlit-checkManifestLockResult.txt",
			);
			runOnlyForDeploymentPostprocessing = 0;
			shellPath = /bin/sh;
			shellScript = "diff \"${PODS_PODFILE_DIR_PATH}/Podfile.lock\" \"${PODS_ROOT}/Manifest.lock\" > /dev/null\nif [ $? != 0 ] ; then\n    # print error to STDERR\n    echo \"error: The sandbox is not in sync with the Podfile.lock. Run 'pod install' or update your CocoaPods installation.\" >&2\n    exit 1\nfi\n# This output is used by Xcode 'outputs' to avoid re-running this script phase.\necho \"SUCCESS\" > \"${SCRIPT_OUTPUT_FILE_0}\"\n";
			showEnvVarsInLog = 0;
		};
		6E64A220DA54CBA298C5C92C /* [CP] Embed Pods Frameworks */ = {
			isa = PBXShellScriptBuildPhase;
			buildActionMask = 2147483647;
			files = (
			);
			inputPaths = (
				"${SRCROOT}/Pods/Target Support Files/Pods-Sqlit/Pods-Sqlit-frameworks.sh",
				"${BUILT_PRODUCTS_DIR}/FMDB/FMDB.framework",
				"${BUILT_PRODUCTS_DIR}/WGFMDB/WGFMDB.framework",
				"${BUILT_PRODUCTS_DIR}/WGKit/WGKit.framework",
			);
			name = "[CP] Embed Pods Frameworks";
			outputPaths = (
				"${TARGET_BUILD_DIR}/${FRAMEWORKS_FOLDER_PATH}/FMDB.framework",
				"${TARGET_BUILD_DIR}/${FRAMEWORKS_FOLDER_PATH}/WGFMDB.framework",
				"${TARGET_BUILD_DIR}/${FRAMEWORKS_FOLDER_PATH}/WGKit.framework",
			);
			runOnlyForDeploymentPostprocessing = 0;
			shellPath = /bin/sh;
			shellScript = "\"${SRCROOT}/Pods/Target Support Files/Pods-Sqlit/Pods-Sqlit-frameworks.sh\"\n";
			showEnvVarsInLog = 0;
		};
		9C47699788619CCB6CFAE9A5 /* [CP] Copy Pods Resources */ = {
			isa = PBXShellScriptBuildPhase;
			buildActionMask = 2147483647;
			files = (
			);
			inputPaths = (
			);
			name = "[CP] Copy Pods Resources";
			outputPaths = (
			);
			runOnlyForDeploymentPostprocessing = 0;
			shellPath = /bin/sh;
			shellScript = "\"${SRCROOT}/Pods/Target Support Files/Pods-Sqlit/Pods-Sqlit-resources.sh\"\n";
			showEnvVarsInLog = 0;
		};
/* End PBXShellScriptBuildPhase section */

/* Begin PBXSourcesBuildPhase section */
		F7197B531AB91D360038A8AD /* Sources */ = {
			isa = PBXSourcesBuildPhase;
			buildActionMask = 2147483647;
			files = (
				F7197B601AB91D370038A8AD /* AppDelegate.m in Sources */,
				F7197B5D1AB91D370038A8AD /* main.m in Sources */,
				F7A836BB1B3D20A9008E2832 /* UserInfoDataBase.m in Sources */,
				F7A836BD1B3D20A9008E2832 /* LocalUserInfoModel.m in Sources */,
				F7A836BC1B3D20A9008E2832 /* SnailUserInfoManager.m in Sources */,
				F7A836BA1B3D20A9008E2832 /* UserInfoDao.m in Sources */,
			);
			runOnlyForDeploymentPostprocessing = 0;
		};
/* End PBXSourcesBuildPhase section */

/* Begin PBXVariantGroup section */
		F7197B631AB91D370038A8AD /* LaunchScreen.xib */ = {
			isa = PBXVariantGroup;
			children = (
				F7197B641AB91D370038A8AD /* Base */,
			);
			name = LaunchScreen.xib;
			sourceTree = "<group>";
		};
/* End PBXVariantGroup section */

/* Begin XCBuildConfiguration section */
		F7197B721AB91D370038A8AD /* Debug */ = {
			isa = XCBuildConfiguration;
			buildSettings = {
				ALWAYS_SEARCH_USER_PATHS = NO;
				CLANG_CXX_LANGUAGE_STANDARD = "gnu++0x";
				CLANG_CXX_LIBRARY = "libc++";
				CLANG_ENABLE_MODULES = YES;
				CLANG_ENABLE_OBJC_ARC = YES;
				CLANG_WARN_BOOL_CONVERSION = YES;
				CLANG_WARN_CONSTANT_CONVERSION = YES;
				CLANG_WARN_DIRECT_OBJC_ISA_USAGE = YES_ERROR;
				CLANG_WARN_EMPTY_BODY = YES;
				CLANG_WARN_ENUM_CONVERSION = YES;
				CLANG_WARN_INT_CONVERSION = YES;
				CLANG_WARN_OBJC_ROOT_CLASS = YES_ERROR;
				CLANG_WARN_UNREACHABLE_CODE = YES;
				CLANG_WARN__DUPLICATE_METHOD_MATCH = YES;
				"CODE_SIGN_IDENTITY[sdk=iphoneos*]" = "iPhone Developer";
				COPY_PHASE_STRIP = NO;
				ENABLE_STRICT_OBJC_MSGSEND = YES;
				GCC_C_LANGUAGE_STANDARD = gnu99;
				GCC_DYNAMIC_NO_PIC = NO;
				GCC_OPTIMIZATION_LEVEL = 0;
				GCC_PREPROCESSOR_DEFINITIONS = (
					"DEBUG=1",
					"$(inherited)",
				);
				GCC_SYMBOLS_PRIVATE_EXTERN = NO;
				GCC_WARN_64_TO_32_BIT_CONVERSION = YES;
				GCC_WARN_ABOUT_RETURN_TYPE = YES_ERROR;
				GCC_WARN_UNDECLARED_SELECTOR = YES;
				GCC_WARN_UNINITIALIZED_AUTOS = YES_AGGRESSIVE;
				GCC_WARN_UNUSED_FUNCTION = YES;
				GCC_WARN_UNUSED_VARIABLE = YES;
				IPHONEOS_DEPLOYMENT_TARGET = 9.0;
				MTL_ENABLE_DEBUG_INFO = YES;
				ONLY_ACTIVE_ARCH = YES;
				SDKROOT = iphoneos;
			};
			name = Debug;
		};
		F7197B731AB91D370038A8AD /* Release */ = {
			isa = XCBuildConfiguration;
			buildSettings = {
				ALWAYS_SEARCH_USER_PATHS = NO;
				CLANG_CXX_LANGUAGE_STANDARD = "gnu++0x";
				CLANG_CXX_LIBRARY = "libc++";
				CLANG_ENABLE_MODULES = YES;
				CLANG_ENABLE_OBJC_ARC = YES;
				CLANG_WARN_BOOL_CONVERSION = YES;
				CLANG_WARN_CONSTANT_CONVERSION = YES;
				CLANG_WARN_DIRECT_OBJC_ISA_USAGE = YES_ERROR;
				CLANG_WARN_EMPTY_BODY = YES;
				CLANG_WARN_ENUM_CONVERSION = YES;
				CLANG_WARN_INT_CONVERSION = YES;
				CLANG_WARN_OBJC_ROOT_CLASS = YES_ERROR;
				CLANG_WARN_UNREACHABLE_CODE = YES;
				CLANG_WARN__DUPLICATE_METHOD_MATCH = YES;
				"CODE_SIGN_IDENTITY[sdk=iphoneos*]" = "iPhone Developer";
				COPY_PHASE_STRIP = NO;
				ENABLE_NS_ASSERTIONS = NO;
				ENABLE_STRICT_OBJC_MSGSEND = YES;
				GCC_C_LANGUAGE_STANDARD = gnu99;
				GCC_WARN_64_TO_32_BIT_CONVERSION = YES;
				GCC_WARN_ABOUT_RETURN_TYPE = YES_ERROR;
				GCC_WARN_UNDECLARED_SELECTOR = YES;
				GCC_WARN_UNINITIALIZED_AUTOS = YES_AGGRESSIVE;
				GCC_WARN_UNUSED_FUNCTION = YES;
				GCC_WARN_UNUSED_VARIABLE = YES;
				IPHONEOS_DEPLOYMENT_TARGET = 9.0;
				MTL_ENABLE_DEBUG_INFO = NO;
				SDKROOT = iphoneos;
				VALIDATE_PRODUCT = YES;
			};
			name = Release;
		};
		F7197B751AB91D370038A8AD /* Debug */ = {
			isa = XCBuildConfiguration;
			baseConfigurationReference = 3974E68049B5492967F2306C /* Pods-Sqlit.debug.xcconfig */;
			buildSettings = {
				ASSETCATALOG_COMPILER_APPICON_NAME = AppIcon;
				INFOPLIST_FILE = Sqlit/Info.plist;
				LD_RUNPATH_SEARCH_PATHS = "$(inherited) @executable_path/Frameworks";
				PRODUCT_NAME = "$(TARGET_NAME)";
			};
			name = Debug;
		};
		F7197B761AB91D370038A8AD /* Release */ = {
			isa = XCBuildConfiguration;
			baseConfigurationReference = F384054CC3944DB5AC9DE774 /* Pods-Sqlit.release.xcconfig */;
			buildSettings = {
				ASSETCATALOG_COMPILER_APPICON_NAME = AppIcon;
				INFOPLIST_FILE = Sqlit/Info.plist;
				LD_RUNPATH_SEARCH_PATHS = "$(inherited) @executable_path/Frameworks";
				PRODUCT_NAME = "$(TARGET_NAME)";
			};
			name = Release;
		};
/* End XCBuildConfiguration section */

/* Begin XCConfigurationList section */
		F7197B521AB91D360038A8AD /* Build configuration list for PBXProject "Sqlit" */ = {
			isa = XCConfigurationList;
			buildConfigurations = (
				F7197B721AB91D370038A8AD /* Debug */,
				F7197B731AB91D370038A8AD /* Release */,
			);
			defaultConfigurationIsVisible = 0;
			defaultConfigurationName = Release;
		};
		F7197B741AB91D370038A8AD /* Build configuration list for PBXNativeTarget "Sqlit" */ = {
			isa = XCConfigurationList;
			buildConfigurations = (
				F7197B751AB91D370038A8AD /* Debug */,
				F7197B761AB91D370038A8AD /* Release */,
			);
			defaultConfigurationIsVisible = 0;
			defaultConfigurationName = Release;
		};
/* End XCConfigurationList section */
	};
	rootObject = F7197B4F1AB91D360038A8AD /* Project object */;
}
