// !$*UTF8*$!
{
	archiveVersion = 1;
	classes = {
	};
	objectVersion = 46;
	objects = {

/* Begin PBXBuildFile section */
		9FBC5384142D84C70855E232 /* libPods.a in Frameworks */ = {isa = PBXBuildFile; fileRef = 74575CC3E47D5CA27D174021 /* libPods.a */; };
		F7197B5D1AB91D370038A8AD /* main.m in Sources */ = {isa = PBXBuildFile; fileRef = F7197B5C1AB91D370038A8AD /* main.m */; };
		F7197B601AB91D370038A8AD /* AppDelegate.m in Sources */ = {isa = PBXBuildFile; fileRef = F7197B5F1AB91D370038A8AD /* AppDelegate.m */; };
		F7197B621AB91D370038A8AD /* Images.xcassets in Resources */ = {isa = PBXBuildFile; fileRef = F7197B611AB91D370038A8AD /* Images.xcassets */; };
		F7197B651AB91D370038A8AD /* LaunchScreen.xib in Resources */ = {isa = PBXBuildFile; fileRef = F7197B631AB91D370038A8AD /* LaunchScreen.xib */; };
		F7197BBE1AB921180038A8AD /* libsqlite3.dylib in Frameworks */ = {isa = PBXBuildFile; fileRef = F7197BBD1AB921180038A8AD /* libsqlite3.dylib */; };
		F7220FC11B1FD1DD00EB9AD4 /* UserInfoDao.m in Sources */ = {isa = PBXBuildFile; fileRef = F7220FAE1B1FD1DD00EB9AD4 /* UserInfoDao.m */; };
		F7220FC21B1FD1DD00EB9AD4 /* UserInfoDataBase.m in Sources */ = {isa = PBXBuildFile; fileRef = F7220FB11B1FD1DD00EB9AD4 /* UserInfoDataBase.m */; };
		F7220FC51B1FD1DD00EB9AD4 /* SnailUserInfoManager.m in Sources */ = {isa = PBXBuildFile; fileRef = F7220FB81B1FD1DD00EB9AD4 /* SnailUserInfoManager.m */; };
		F7220FC71B1FD1DD00EB9AD4 /* LocalUserInfoModel.m in Sources */ = {isa = PBXBuildFile; fileRef = F7220FBD1B1FD1DD00EB9AD4 /* LocalUserInfoModel.m */; };
		F78CF0E41B2298AD00540A8A /* WGFMDBColumnModel.m in Sources */ = {isa = PBXBuildFile; fileRef = F78CF0E31B2298AD00540A8A /* WGFMDBColumnModel.m */; };
		F7A4FA581B1D74C900B84A4E /* NSObject+WGSQLModelHelper.m in Sources */ = {isa = PBXBuildFile; fileRef = F7A4FA501B1D74C900B84A4E /* NSObject+WGSQLModelHelper.m */; };
		F7A4FA5A1B1D74C900B84A4E /* WGFilePathModel.m in Sources */ = {isa = PBXBuildFile; fileRef = F7A4FA521B1D74C900B84A4E /* WGFilePathModel.m */; };
		F7A4FA5C1B1D74C900B84A4E /* WGFMDBBaseDao.m in Sources */ = {isa = PBXBuildFile; fileRef = F7A4FA551B1D74C900B84A4E /* WGFMDBBaseDao.m */; };
		F7A4FA5E1B1D74C900B84A4E /* WGFMDBDataBase.m in Sources */ = {isa = PBXBuildFile; fileRef = F7A4FA571B1D74C900B84A4E /* WGFMDBDataBase.m */; };
/* End PBXBuildFile section */

/* Begin PBXFileReference section */
		0103E9027844EA6450737579 /* Pods.debug.xcconfig */ = {isa = PBXFileReference; includeInIndex = 1; lastKnownFileType = text.xcconfig; name = Pods.debug.xcconfig; path = "Pods/Target Support Files/Pods/Pods.debug.xcconfig"; sourceTree = "<group>"; };
		0C91963F5D626246C34F490A /* libPods-Sqlit.a */ = {isa = PBXFileReference; explicitFileType = archive.ar; includeInIndex = 0; path = "libPods-Sqlit.a"; sourceTree = BUILT_PRODUCTS_DIR; };
		163FD20F81AFA9DAA81D4A40 /* Pods.release.xcconfig */ = {isa = PBXFileReference; includeInIndex = 1; lastKnownFileType = text.xcconfig; name = Pods.release.xcconfig; path = "Pods/Target Support Files/Pods/Pods.release.xcconfig"; sourceTree = "<group>"; };
		1712046D9EB2B95D5258CD17 /* Pods-SqlitTests.debug.xcconfig */ = {isa = PBXFileReference; includeInIndex = 1; lastKnownFileType = text.xcconfig; name = "Pods-SqlitTests.debug.xcconfig"; path = "Pods/Target Support Files/Pods-SqlitTests/Pods-SqlitTests.debug.xcconfig"; sourceTree = "<group>"; };
		74575CC3E47D5CA27D174021 /* libPods.a */ = {isa = PBXFileReference; explicitFileType = archive.ar; includeInIndex = 0; path = libPods.a; sourceTree = BUILT_PRODUCTS_DIR; };
		AEF1CEB39E38167F8CC3A3C0 /* libPods-SqlitTests.a */ = {isa = PBXFileReference; explicitFileType = archive.ar; includeInIndex = 0; path = "libPods-SqlitTests.a"; sourceTree = BUILT_PRODUCTS_DIR; };
		BEE07C03EA5F2ECD214A3192 /* Pods-SqlitTests.release.xcconfig */ = {isa = PBXFileReference; includeInIndex = 1; lastKnownFileType = text.xcconfig; name = "Pods-SqlitTests.release.xcconfig"; path = "Pods/Target Support Files/Pods-SqlitTests/Pods-SqlitTests.release.xcconfig"; sourceTree = "<group>"; };
		F7197B571AB91D360038A8AD /* Sqlit.app */ = {isa = PBXFileReference; explicitFileType = wrapper.application; includeInIndex = 0; path = Sqlit.app; sourceTree = BUILT_PRODUCTS_DIR; };
		F7197B5B1AB91D370038A8AD /* Info.plist */ = {isa = PBXFileReference; lastKnownFileType = text.plist.xml; path = Info.plist; sourceTree = "<group>"; };
		F7197B5C1AB91D370038A8AD /* main.m */ = {isa = PBXFileReference; lastKnownFileType = sourcecode.c.objc; path = main.m; sourceTree = "<group>"; };
		F7197B5E1AB91D370038A8AD /* AppDelegate.h */ = {isa = PBXFileReference; lastKnownFileType = sourcecode.c.h; path = AppDelegate.h; sourceTree = "<group>"; };
		F7197B5F1AB91D370038A8AD /* AppDelegate.m */ = {isa = PBXFileReference; lastKnownFileType = sourcecode.c.objc; path = AppDelegate.m; sourceTree = "<group>"; };
		F7197B611AB91D370038A8AD /* Images.xcassets */ = {isa = PBXFileReference; lastKnownFileType = folder.assetcatalog; path = Images.xcassets; sourceTree = "<group>"; };
		F7197B641AB91D370038A8AD /* Base */ = {isa = PBXFileReference; lastKnownFileType = file.xib; name = Base; path = Base.lproj/LaunchScreen.xib; sourceTree = "<group>"; };
		F7197BBD1AB921180038A8AD /* libsqlite3.dylib */ = {isa = PBXFileReference; lastKnownFileType = "compiled.mach-o.dylib"; name = libsqlite3.dylib; path = usr/lib/libsqlite3.dylib; sourceTree = SDKROOT; };
		F7220FAD1B1FD1DD00EB9AD4 /* UserInfoDao.h */ = {isa = PBXFileReference; fileEncoding = 4; lastKnownFileType = sourcecode.c.h; path = UserInfoDao.h; sourceTree = "<group>"; };
		F7220FAE1B1FD1DD00EB9AD4 /* UserInfoDao.m */ = {isa = PBXFileReference; fileEncoding = 4; lastKnownFileType = sourcecode.c.objc; path = UserInfoDao.m; sourceTree = "<group>"; };
		F7220FB01B1FD1DD00EB9AD4 /* UserInfoDataBase.h */ = {isa = PBXFileReference; fileEncoding = 4; lastKnownFileType = sourcecode.c.h; path = UserInfoDataBase.h; sourceTree = "<group>"; };
		F7220FB11B1FD1DD00EB9AD4 /* UserInfoDataBase.m */ = {isa = PBXFileReference; fileEncoding = 4; lastKnownFileType = sourcecode.c.objc; path = UserInfoDataBase.m; sourceTree = "<group>"; };
		F7220FB71B1FD1DD00EB9AD4 /* SnailUserInfoManager.h */ = {isa = PBXFileReference; fileEncoding = 4; lastKnownFileType = sourcecode.c.h; path = SnailUserInfoManager.h; sourceTree = "<group>"; };
		F7220FB81B1FD1DD00EB9AD4 /* SnailUserInfoManager.m */ = {isa = PBXFileReference; fileEncoding = 4; lastKnownFileType = sourcecode.c.objc; path = SnailUserInfoManager.m; sourceTree = "<group>"; };
		F7220FBC1B1FD1DD00EB9AD4 /* LocalUserInfoModel.h */ = {isa = PBXFileReference; fileEncoding = 4; lastKnownFileType = sourcecode.c.h; path = LocalUserInfoModel.h; sourceTree = "<group>"; };
		F7220FBD1B1FD1DD00EB9AD4 /* LocalUserInfoModel.m */ = {isa = PBXFileReference; fileEncoding = 4; lastKnownFileType = sourcecode.c.objc; path = LocalUserInfoModel.m; sourceTree = "<group>"; };
		F7220FC91B1FD28D00EB9AD4 /* Define.h */ = {isa = PBXFileReference; lastKnownFileType = sourcecode.c.h; path = Define.h; sourceTree = "<group>"; };
		F7220FD11B1FD41300EB9AD4 /* Info.plist */ = {isa = PBXFileReference; lastKnownFileType = text.plist.xml; path = Info.plist; sourceTree = "<group>"; };
		F7220FD21B1FD41300EB9AD4 /* SqlitTests.m */ = {isa = PBXFileReference; lastKnownFileType = sourcecode.c.objc; path = SqlitTests.m; sourceTree = "<group>"; };
		F7220FD91B1FD53400EB9AD4 /* libPods.a */ = {isa = PBXFileReference; lastKnownFileType = archive.ar; name = libPods.a; path = "Pods/../build/Debug-iphoneos/libPods.a"; sourceTree = "<group>"; };
		F7220FE61B1FF7A100EB9AD4 /* WGFMDBBridgeProtocol.h */ = {isa = PBXFileReference; fileEncoding = 4; lastKnownFileType = sourcecode.c.h; path = WGFMDBBridgeProtocol.h; sourceTree = "<group>"; };
		F78CF0E21B2298AD00540A8A /* WGFMDBColumnModel.h */ = {isa = PBXFileReference; fileEncoding = 4; lastKnownFileType = sourcecode.c.h; path = WGFMDBColumnModel.h; sourceTree = "<group>"; };
		F78CF0E31B2298AD00540A8A /* WGFMDBColumnModel.m */ = {isa = PBXFileReference; fileEncoding = 4; lastKnownFileType = sourcecode.c.objc; path = WGFMDBColumnModel.m; sourceTree = "<group>"; };
		F7A4FA4F1B1D74C900B84A4E /* NSObject+WGSQLModelHelper.h */ = {isa = PBXFileReference; fileEncoding = 4; lastKnownFileType = sourcecode.c.h; path = "NSObject+WGSQLModelHelper.h"; sourceTree = "<group>"; };
		F7A4FA501B1D74C900B84A4E /* NSObject+WGSQLModelHelper.m */ = {isa = PBXFileReference; fileEncoding = 4; lastKnownFileType = sourcecode.c.objc; path = "NSObject+WGSQLModelHelper.m"; sourceTree = "<group>"; };
		F7A4FA511B1D74C900B84A4E /* WGFilePathModel.h */ = {isa = PBXFileReference; fileEncoding = 4; lastKnownFileType = sourcecode.c.h; path = WGFilePathModel.h; sourceTree = "<group>"; };
		F7A4FA521B1D74C900B84A4E /* WGFilePathModel.m */ = {isa = PBXFileReference; fileEncoding = 4; lastKnownFileType = sourcecode.c.objc; path = WGFilePathModel.m; sourceTree = "<group>"; };
		F7A4FA531B1D74C900B84A4E /* WGFMDB.h */ = {isa = PBXFileReference; fileEncoding = 4; lastKnownFileType = sourcecode.c.h; path = WGFMDB.h; sourceTree = "<group>"; };
		F7A4FA541B1D74C900B84A4E /* WGFMDBBaseDao.h */ = {isa = PBXFileReference; fileEncoding = 4; lastKnownFileType = sourcecode.c.h; path = WGFMDBBaseDao.h; sourceTree = "<group>"; };
		F7A4FA551B1D74C900B84A4E /* WGFMDBBaseDao.m */ = {isa = PBXFileReference; fileEncoding = 4; lastKnownFileType = sourcecode.c.objc; path = WGFMDBBaseDao.m; sourceTree = "<group>"; };
		F7A4FA561B1D74C900B84A4E /* WGFMDBDataBase.h */ = {isa = PBXFileReference; fileEncoding = 4; lastKnownFileType = sourcecode.c.h; path = WGFMDBDataBase.h; sourceTree = "<group>"; };
		F7A4FA571B1D74C900B84A4E /* WGFMDBDataBase.m */ = {isa = PBXFileReference; fileEncoding = 4; lastKnownFileType = sourcecode.c.objc; path = WGFMDBDataBase.m; sourceTree = "<group>"; };
/* End PBXFileReference section */

/* Begin PBXFrameworksBuildPhase section */
		F7197B541AB91D360038A8AD /* Frameworks */ = {
			isa = PBXFrameworksBuildPhase;
			buildActionMask = 2147483647;
			files = (
				F7197BBE1AB921180038A8AD /* libsqlite3.dylib in Frameworks */,
				9FBC5384142D84C70855E232 /* libPods.a in Frameworks */,
			);
			runOnlyForDeploymentPostprocessing = 0;
		};
/* End PBXFrameworksBuildPhase section */

/* Begin PBXGroup section */
		183E1250F2EE63916CEF1E19 /* Frameworks */ = {
			isa = PBXGroup;
			children = (
				F7220FD91B1FD53400EB9AD4 /* libPods.a */,
				74575CC3E47D5CA27D174021 /* libPods.a */,
				0C91963F5D626246C34F490A /* libPods-Sqlit.a */,
				AEF1CEB39E38167F8CC3A3C0 /* libPods-SqlitTests.a */,
			);
			name = Frameworks;
			sourceTree = "<group>";
		};
		F7197B4E1AB91D360038A8AD = {
			isa = PBXGroup;
			children = (
				F7197BBD1AB921180038A8AD /* libsqlite3.dylib */,
				F7A4FA4E1B1D74C900B84A4E /* WGFMDB */,
				F7197B591AB91D370038A8AD /* Sqlit */,
				F7220FCF1B1FD41300EB9AD4 /* SqlitTests */,
				F7197B581AB91D370038A8AD /* Products */,
				FF9DC9FDF7F3A1F73A3531A5 /* Pods */,
				183E1250F2EE63916CEF1E19 /* Frameworks */,
			);
			sourceTree = "<group>";
		};
		F7197B581AB91D370038A8AD /* Products */ = {
			isa = PBXGroup;
			children = (
				F7197B571AB91D360038A8AD /* Sqlit.app */,
			);
			name = Products;
			sourceTree = "<group>";
		};
		F7197B591AB91D370038A8AD /* Sqlit */ = {
			isa = PBXGroup;
			children = (
				F7220F8E1B1FD19700EB9AD4 /* SnailSqite */,
				F7197B5E1AB91D370038A8AD /* AppDelegate.h */,
				F7197B5F1AB91D370038A8AD /* AppDelegate.m */,
				F75C729D1AB9556100067399 /* DataModels */,
				F7197B611AB91D370038A8AD /* Images.xcassets */,
				F7197B631AB91D370038A8AD /* LaunchScreen.xib */,
				F7197B5A1AB91D370038A8AD /* Supporting Files */,
			);
			path = Sqlit;
			sourceTree = "<group>";
		};
		F7197B5A1AB91D370038A8AD /* Supporting Files */ = {
			isa = PBXGroup;
			children = (
				F7197B5B1AB91D370038A8AD /* Info.plist */,
				F7197B5C1AB91D370038A8AD /* main.m */,
			);
			name = "Supporting Files";
			sourceTree = "<group>";
		};
		F7220F8E1B1FD19700EB9AD4 /* SnailSqite */ = {
			isa = PBXGroup;
			children = (
				F7220FC91B1FD28D00EB9AD4 /* Define.h */,
				F7220FAA1B1FD1DD00EB9AD4 /* Dao */,
				F7220FAF1B1FD1DD00EB9AD4 /* Database */,
				F7220FB21B1FD1DD00EB9AD4 /* Manager */,
				F7220FBB1B1FD1DD00EB9AD4 /* Model */,
			);
			path = SnailSqite;
			sourceTree = "<group>";
		};
		F7220FAA1B1FD1DD00EB9AD4 /* Dao */ = {
			isa = PBXGroup;
			children = (
				F7220FAD1B1FD1DD00EB9AD4 /* UserInfoDao.h */,
				F7220FAE1B1FD1DD00EB9AD4 /* UserInfoDao.m */,
			);
			path = Dao;
			sourceTree = "<group>";
		};
		F7220FAF1B1FD1DD00EB9AD4 /* Database */ = {
			isa = PBXGroup;
			children = (
				F7220FB01B1FD1DD00EB9AD4 /* UserInfoDataBase.h */,
				F7220FB11B1FD1DD00EB9AD4 /* UserInfoDataBase.m */,
			);
			path = Database;
			sourceTree = "<group>";
		};
		F7220FB21B1FD1DD00EB9AD4 /* Manager */ = {
			isa = PBXGroup;
			children = (
				F7220FB71B1FD1DD00EB9AD4 /* SnailUserInfoManager.h */,
				F7220FB81B1FD1DD00EB9AD4 /* SnailUserInfoManager.m */,
			);
			path = Manager;
			sourceTree = "<group>";
		};
		F7220FBB1B1FD1DD00EB9AD4 /* Model */ = {
			isa = PBXGroup;
			children = (
				F7220FBC1B1FD1DD00EB9AD4 /* LocalUserInfoModel.h */,
				F7220FBD1B1FD1DD00EB9AD4 /* LocalUserInfoModel.m */,
			);
			path = Model;
			sourceTree = "<group>";
		};
		F7220FCF1B1FD41300EB9AD4 /* SqlitTests */ = {
			isa = PBXGroup;
			children = (
				F7220FD21B1FD41300EB9AD4 /* SqlitTests.m */,
				F7220FD01B1FD41300EB9AD4 /* Supporting Files */,
			);
			path = SqlitTests;
			sourceTree = "<group>";
		};
		F7220FD01B1FD41300EB9AD4 /* Supporting Files */ = {
			isa = PBXGroup;
			children = (
				F7220FD11B1FD41300EB9AD4 /* Info.plist */,
			);
			name = "Supporting Files";
			sourceTree = "<group>";
		};
		F75C729D1AB9556100067399 /* DataModels */ = {
			isa = PBXGroup;
			children = (
			);
			name = DataModels;
			sourceTree = "<group>";
		};
		F7A4FA4E1B1D74C900B84A4E /* WGFMDB */ = {
			isa = PBXGroup;
			children = (
				F7A4FA531B1D74C900B84A4E /* WGFMDB.h */,
				F7220FE61B1FF7A100EB9AD4 /* WGFMDBBridgeProtocol.h */,
				F78CF0E21B2298AD00540A8A /* WGFMDBColumnModel.h */,
				F78CF0E31B2298AD00540A8A /* WGFMDBColumnModel.m */,
				F7A4FA4F1B1D74C900B84A4E /* NSObject+WGSQLModelHelper.h */,
				F7A4FA501B1D74C900B84A4E /* NSObject+WGSQLModelHelper.m */,
				F7A4FA511B1D74C900B84A4E /* WGFilePathModel.h */,
				F7A4FA521B1D74C900B84A4E /* WGFilePathModel.m */,
				F7A4FA541B1D74C900B84A4E /* WGFMDBBaseDao.h */,
				F7A4FA551B1D74C900B84A4E /* WGFMDBBaseDao.m */,
				F7A4FA561B1D74C900B84A4E /* WGFMDBDataBase.h */,
				F7A4FA571B1D74C900B84A4E /* WGFMDBDataBase.m */,
			);
			name = WGFMDB;
			path = ../WGFMDB;
			sourceTree = "<group>";
		};
		FF9DC9FDF7F3A1F73A3531A5 /* Pods */ = {
			isa = PBXGroup;
			children = (
				0103E9027844EA6450737579 /* Pods.debug.xcconfig */,
				163FD20F81AFA9DAA81D4A40 /* Pods.release.xcconfig */,
				1712046D9EB2B95D5258CD17 /* Pods-SqlitTests.debug.xcconfig */,
				BEE07C03EA5F2ECD214A3192 /* Pods-SqlitTests.release.xcconfig */,
			);
			name = Pods;
			sourceTree = "<group>";
		};
/* End PBXGroup section */

/* Begin PBXNativeTarget section */
		F7197B561AB91D360038A8AD /* Sqlit */ = {
			isa = PBXNativeTarget;
			buildConfigurationList = F7197B741AB91D370038A8AD /* Build configuration list for PBXNativeTarget "Sqlit" */;
			buildPhases = (
				2E470B9057B29C370489C757 /* Check Pods Manifest.lock */,
				F7197B531AB91D360038A8AD /* Sources */,
				F7197B541AB91D360038A8AD /* Frameworks */,
				F7197B551AB91D360038A8AD /* Resources */,
				855183A1F10DCC0FDA7D9C94 /* Copy Pods Resources */,
			);
			buildRules = (
			);
			dependencies = (
			);
			name = Sqlit;
			productName = Sqlit;
			productReference = F7197B571AB91D360038A8AD /* Sqlit.app */;
			productType = "com.apple.product-type.application";
		};
/* End PBXNativeTarget section */

/* Begin PBXProject section */
		F7197B4F1AB91D360038A8AD /* Project object */ = {
			isa = PBXProject;
			attributes = {
				LastUpgradeCheck = 0620;
				ORGANIZATIONNAME = RayMi;
				TargetAttributes = {
					F7197B561AB91D360038A8AD = {
						CreatedOnToolsVersion = 6.2;
					};
				};
			};
			buildConfigurationList = F7197B521AB91D360038A8AD /* Build configuration list for PBXProject "Sqlit" */;
			compatibilityVersion = "Xcode 3.2";
			developmentRegion = English;
			hasScannedForEncodings = 0;
			knownRegions = (
				en,
				Base,
			);
			mainGroup = F7197B4E1AB91D360038A8AD;
			productRefGroup = F7197B581AB91D370038A8AD /* Products */;
			projectDirPath = "";
			projectRoot = "";
			targets = (
				F7197B561AB91D360038A8AD /* Sqlit */,
			);
		};
/* End PBXProject section */

/* Begin PBXResourcesBuildPhase section */
		F7197B551AB91D360038A8AD /* Resources */ = {
			isa = PBXResourcesBuildPhase;
			buildActionMask = 2147483647;
			files = (
				F7197B651AB91D370038A8AD /* LaunchScreen.xib in Resources */,
				F7197B621AB91D370038A8AD /* Images.xcassets in Resources */,
			);
			runOnlyForDeploymentPostprocessing = 0;
		};
/* End PBXResourcesBuildPhase section */

/* Begin PBXShellScriptBuildPhase section */
		2E470B9057B29C370489C757 /* Check Pods Manifest.lock */ = {
			isa = PBXShellScriptBuildPhase;
			buildActionMask = 2147483647;
			files = (
			);
			inputPaths = (
			);
			name = "Check Pods Manifest.lock";
			outputPaths = (
			);
			runOnlyForDeploymentPostprocessing = 0;
			shellPath = /bin/sh;
			shellScript = "diff \"${PODS_ROOT}/../Podfile.lock\" \"${PODS_ROOT}/Manifest.lock\" > /dev/null\nif [[ $? != 0 ]] ; then\n    cat << EOM\nerror: The sandbox is not in sync with the Podfile.lock. Run 'pod install' or update your CocoaPods installation.\nEOM\n    exit 1\nfi\n";
			showEnvVarsInLog = 0;
		};
		855183A1F10DCC0FDA7D9C94 /* Copy Pods Resources */ = {
			isa = PBXShellScriptBuildPhase;
			buildActionMask = 2147483647;
			files = (
			);
			inputPaths = (
			);
			name = "Copy Pods Resources";
			outputPaths = (
			);
			runOnlyForDeploymentPostprocessing = 0;
			shellPath = /bin/sh;
			shellScript = "\"${SRCROOT}/Pods/Target Support Files/Pods/Pods-resources.sh\"\n";
			showEnvVarsInLog = 0;
		};
/* End PBXShellScriptBuildPhase section */

/* Begin PBXSourcesBuildPhase section */
		F7197B531AB91D360038A8AD /* Sources */ = {
			isa = PBXSourcesBuildPhase;
			buildActionMask = 2147483647;
			files = (
				F7220FC71B1FD1DD00EB9AD4 /* LocalUserInfoModel.m in Sources */,
				F7A4FA581B1D74C900B84A4E /* NSObject+WGSQLModelHelper.m in Sources */,
				F7197B601AB91D370038A8AD /* AppDelegate.m in Sources */,
				F7197B5D1AB91D370038A8AD /* main.m in Sources */,
				F7220FC21B1FD1DD00EB9AD4 /* UserInfoDataBase.m in Sources */,
				F7A4FA5C1B1D74C900B84A4E /* WGFMDBBaseDao.m in Sources */,
				F7A4FA5E1B1D74C900B84A4E /* WGFMDBDataBase.m in Sources */,
				F7A4FA5A1B1D74C900B84A4E /* WGFilePathModel.m in Sources */,
				F78CF0E41B2298AD00540A8A /* WGFMDBColumnModel.m in Sources */,
				F7220FC11B1FD1DD00EB9AD4 /* UserInfoDao.m in Sources */,
				F7220FC51B1FD1DD00EB9AD4 /* SnailUserInfoManager.m in Sources */,
			);
			runOnlyForDeploymentPostprocessing = 0;
		};
/* End PBXSourcesBuildPhase section */

/* Begin PBXVariantGroup section */
		F7197B631AB91D370038A8AD /* LaunchScreen.xib */ = {
			isa = PBXVariantGroup;
			children = (
				F7197B641AB91D370038A8AD /* Base */,
			);
			name = LaunchScreen.xib;
			sourceTree = "<group>";
		};
/* End PBXVariantGroup section */

/* Begin XCBuildConfiguration section */
		F7197B721AB91D370038A8AD /* Debug */ = {
			isa = XCBuildConfiguration;
			buildSettings = {
				ALWAYS_SEARCH_USER_PATHS = NO;
				CLANG_CXX_LANGUAGE_STANDARD = "gnu++0x";
				CLANG_CXX_LIBRARY = "libc++";
				CLANG_ENABLE_MODULES = YES;
				CLANG_ENABLE_OBJC_ARC = YES;
				CLANG_WARN_BOOL_CONVERSION = YES;
				CLANG_WARN_CONSTANT_CONVERSION = YES;
				CLANG_WARN_DIRECT_OBJC_ISA_USAGE = YES_ERROR;
				CLANG_WARN_EMPTY_BODY = YES;
				CLANG_WARN_ENUM_CONVERSION = YES;
				CLANG_WARN_INT_CONVERSION = YES;
				CLANG_WARN_OBJC_ROOT_CLASS = YES_ERROR;
				CLANG_WARN_UNREACHABLE_CODE = YES;
				CLANG_WARN__DUPLICATE_METHOD_MATCH = YES;
				"CODE_SIGN_IDENTITY[sdk=iphoneos*]" = "iPhone Developer";
				COPY_PHASE_STRIP = NO;
				ENABLE_STRICT_OBJC_MSGSEND = YES;
				GCC_C_LANGUAGE_STANDARD = gnu99;
				GCC_DYNAMIC_NO_PIC = NO;
				GCC_OPTIMIZATION_LEVEL = 0;
				GCC_PREPROCESSOR_DEFINITIONS = (
					"DEBUG=1",
					"$(inherited)",
				);
				GCC_SYMBOLS_PRIVATE_EXTERN = NO;
				GCC_WARN_64_TO_32_BIT_CONVERSION = YES;
				GCC_WARN_ABOUT_RETURN_TYPE = YES_ERROR;
				GCC_WARN_UNDECLARED_SELECTOR = YES;
				GCC_WARN_UNINITIALIZED_AUTOS = YES_AGGRESSIVE;
				GCC_WARN_UNUSED_FUNCTION = YES;
				GCC_WARN_UNUSED_VARIABLE = YES;
				IPHONEOS_DEPLOYMENT_TARGET = 7.0;
				MTL_ENABLE_DEBUG_INFO = YES;
				ONLY_ACTIVE_ARCH = YES;
				SDKROOT = iphoneos;
			};
			name = Debug;
		};
		F7197B731AB91D370038A8AD /* Release */ = {
			isa = XCBuildConfiguration;
			buildSettings = {
				ALWAYS_SEARCH_USER_PATHS = NO;
				CLANG_CXX_LANGUAGE_STANDARD = "gnu++0x";
				CLANG_CXX_LIBRARY = "libc++";
				CLANG_ENABLE_MODULES = YES;
				CLANG_ENABLE_OBJC_ARC = YES;
				CLANG_WARN_BOOL_CONVERSION = YES;
				CLANG_WARN_CONSTANT_CONVERSION = YES;
				CLANG_WARN_DIRECT_OBJC_ISA_USAGE = YES_ERROR;
				CLANG_WARN_EMPTY_BODY = YES;
				CLANG_WARN_ENUM_CONVERSION = YES;
				CLANG_WARN_INT_CONVERSION = YES;
				CLANG_WARN_OBJC_ROOT_CLASS = YES_ERROR;
				CLANG_WARN_UNREACHABLE_CODE = YES;
				CLANG_WARN__DUPLICATE_METHOD_MATCH = YES;
				"CODE_SIGN_IDENTITY[sdk=iphoneos*]" = "iPhone Developer";
				COPY_PHASE_STRIP = NO;
				ENABLE_NS_ASSERTIONS = NO;
				ENABLE_STRICT_OBJC_MSGSEND = YES;
				GCC_C_LANGUAGE_STANDARD = gnu99;
				GCC_WARN_64_TO_32_BIT_CONVERSION = YES;
				GCC_WARN_ABOUT_RETURN_TYPE = YES_ERROR;
				GCC_WARN_UNDECLARED_SELECTOR = YES;
				GCC_WARN_UNINITIALIZED_AUTOS = YES_AGGRESSIVE;
				GCC_WARN_UNUSED_FUNCTION = YES;
				GCC_WARN_UNUSED_VARIABLE = YES;
				IPHONEOS_DEPLOYMENT_TARGET = 7.0;
				MTL_ENABLE_DEBUG_INFO = NO;
				SDKROOT = iphoneos;
				VALIDATE_PRODUCT = YES;
			};
			name = Release;
		};
		F7197B751AB91D370038A8AD /* Debug */ = {
			isa = XCBuildConfiguration;
			baseConfigurationReference = 0103E9027844EA6450737579 /* Pods.debug.xcconfig */;
			buildSettings = {
				ASSETCATALOG_COMPILER_APPICON_NAME = AppIcon;
				INFOPLIST_FILE = Sqlit/Info.plist;
				LD_RUNPATH_SEARCH_PATHS = "$(inherited) @executable_path/Frameworks";
				PRODUCT_NAME = "$(TARGET_NAME)";
			};
			name = Debug;
		};
		F7197B761AB91D370038A8AD /* Release */ = {
			isa = XCBuildConfiguration;
			baseConfigurationReference = 163FD20F81AFA9DAA81D4A40 /* Pods.release.xcconfig */;
			buildSettings = {
				ASSETCATALOG_COMPILER_APPICON_NAME = AppIcon;
				INFOPLIST_FILE = Sqlit/Info.plist;
				LD_RUNPATH_SEARCH_PATHS = "$(inherited) @executable_path/Frameworks";
				PRODUCT_NAME = "$(TARGET_NAME)";
			};
			name = Release;
		};
/* End XCBuildConfiguration section */

/* Begin XCConfigurationList section */
		F7197B521AB91D360038A8AD /* Build configuration list for PBXProject "Sqlit" */ = {
			isa = XCConfigurationList;
			buildConfigurations = (
				F7197B721AB91D370038A8AD /* Debug */,
				F7197B731AB91D370038A8AD /* Release */,
			);
			defaultConfigurationIsVisible = 0;
			defaultConfigurationName = Release;
		};
		F7197B741AB91D370038A8AD /* Build configuration list for PBXNativeTarget "Sqlit" */ = {
			isa = XCConfigurationList;
			buildConfigurations = (
				F7197B751AB91D370038A8AD /* Debug */,
				F7197B761AB91D370038A8AD /* Release */,
			);
			defaultConfigurationIsVisible = 0;
			defaultConfigurationName = Release;
		};
/* End XCConfigurationList section */
	};
	rootObject = F7197B4F1AB91D360038A8AD /* Project object */;
}
