PODS:
  - FMDB (2.7.5):
    - FMDB/standard (= 2.7.5)
  - FMDB/standard (2.7.5)
  - WGKit (0.4.1):
    - WGKit/Core (= 0.4.1)
    - WGKit/Other (= 0.4.1)
    - WGKit/UIKit (= 0.4.1)
    - WGKit/WGJSONModel (= 0.4.1)
  - WGKit/Core (0.4.1)
  - WGKit/Other (0.4.1)
  - WGKit/UIKit (0.4.1):
    - WGKit/UIKit/Category (= 0.4.1)
    - WGKit/UIKit/View (= 0.4.1)
  - WGKit/UIKit/Category (0.4.1)
  - WGKit/UIKit/View (0.4.1):
    - WGKit/UIKit/View/WGTableController (= 0.4.1)
  - WGKit/UIKit/View/WGTableController (0.4.1)
  - WGKit/WGJSONModel (0.4.1)

DEPENDENCIES:
  - FMDB (~> 2.5)
  - WGKit (from `https://github.com/edwardair/WGCategory.git`)

SPEC REPOS:
  https://github.com/cocoapods/specs.git:
    - FMDB

EXTERNAL SOURCES:
  WGKit:
    :git: https://github.com/edwardair/WGCategory.git

CHECKOUT OPTIONS:
  WGKit:
    :commit: 29b18b0d729f2db45115cfb232ffedd3020fb506
    :git: https://github.com/edwardair/WGCategory.git

SPEC CHECKSUMS:
  FMDB: 2ce00b547f966261cd18927a3ddb07cb6f3db82a
  WGKit: 74a78fa5ceaebeb87f79331f4a992108375b9e39

PODFILE CHECKSUM: 572536fde0f9ffbd9ec171e118bcc7147211c0f5

COCOAPODS: 1.6.1
