PODS:
  - FMDB (2.5):
    - FMDB/standard (= 2.5)
  - FMDB/common (2.5)
  - FMDB/standard (2.5):
    - FMDB/common
  - WGCategory (0.0.1)

DEPENDENCIES:
  - FMDB (~> 2.5)
  - WGCategory (from `https://github.com/edwardair/WGCategory.git`)

EXTERNAL SOURCES:
  WGCategory:
    :git: https://github.com/edwardair/WGCategory.git

CHECKOUT OPTIONS:
  WGCategory:
    :commit: b8ea8bdbbcc7821c9c5df75ca302fcd1705f6e4e
    :git: https://github.com/edwardair/WGCategory.git

SPEC CHECKSUMS:
  FMDB: 96e8f1bcc1329e269330f99770ad4285d9003e52
  WGCategory: 004b8ddffb3bed3f5b3bc5f4614c49beed8b5dc0

COCOAPODS: 0.37.1
