PODS:
  - FMDB (2.7.5):
    - FMDB/standard (= 2.7.5)
  - FMDB/standard (2.7.5)
  - WGKit (0.2.0):
    - WGKit/Core (= 0.2.0)
    - WGKit/Other (= 0.2.0)
    - WGKit/UIKit (= 0.2.0)
    - WGKit/WGJSONModel (= 0.2.0)
  - WGKit/Core (0.2.0)
  - WGKit/Other (0.2.0)
  - WGKit/UIKit (0.2.0):
    - WGKit/UIKit/Category (= 0.2.0)
    - WGKit/UIKit/View (= 0.2.0)
  - WGKit/UIKit/Category (0.2.0)
  - WGKit/UIKit/View (0.2.0):
    - WGKit/UIKit/View/WGTableController (= 0.2.0)
  - WGKit/UIKit/View/WGTableController (0.2.0)
  - WGKit/WGJSONModel (0.2.0)

DEPENDENCIES:
  - FMDB (~> 2.5)
  - WGKit (from `https://github.com/edwardair/WGCategory.git`)

SPEC REPOS:
  https://github.com/cocoapods/specs.git:
    - FMDB

EXTERNAL SOURCES:
  WGKit:
    :git: https://github.com/edwardair/WGCategory.git

CHECKOUT OPTIONS:
  WGKit:
    :commit: cd25d52e244a971c6bdeba328370d40e3912e436
    :git: https://github.com/edwardair/WGCategory.git

SPEC CHECKSUMS:
  FMDB: 2ce00b547f966261cd18927a3ddb07cb6f3db82a
  WGKit: 1a467387a80b26d2ac7cf2a40ba398d97de197a0

PODFILE CHECKSUM: 572536fde0f9ffbd9ec171e118bcc7147211c0f5

COCOAPODS: 1.5.2
